
Microsoft Visual Studio Solution File, Format Version 12.00
# Visual Studio Version 17
VisualStudioVersion = 17.3.32929.385
MinimumVisualStudioVersion = 10.0.40219.1
Project("{FAE04EC0-301F-11D3-BF4B-00C04F79EFBC}") = "CMPT291_Group3_Project", "CMPT291_Group3_Project.csproj", "{624B284F-4FF4-428F-B7FC-A43601D1E0B7}"
EndProject
Global
	GlobalSection(SolutionConfigurationPlatforms) = preSolution
		Debug|Any CPU = Debug|Any CPU
		Release|Any CPU = Release|Any CPU
	EndGlobalSection
	GlobalSection(ProjectConfigurationPlatforms) = postSolution
		{624B284F-4FF4-428F-B7FC-A43601D1E0B7}.Debug|Any CPU.ActiveCfg = Debug|Any CPU
		{624B284F-4FF4-428F-B7FC-A43601D1E0B7}.Debug|Any CPU.Build.0 = Debug|Any CPU
		{624B284F-4FF4-428F-B7FC-A43601D1E0B7}.Release|Any CPU.ActiveCfg = Release|Any CPU
		{624B284F-4FF4-428F-B7FC-A43601D1E0B7}.Release|Any CPU.Build.0 = Release|Any CPU
	EndGlobalSection
	GlobalSection(SolutionProperties) = preSolution
		HideSolutionNode = FALSE
	EndGlobalSection
	GlobalSection(ExtensibilityGlobals) = postSolution
		SolutionGuid = {EF1F92E7-93AE-4988-A8ED-A76F79BFED2B}
	EndGlobalSection
EndGlobal
